
Microsoft Visual Studio Solution File, Format Version 12.00
# Visual Studio Version 16
VisualStudioVersion = 16.0.30320.27
MinimumVisualStudioVersion = 10.0.40219.1
Project("{9A19103F-16F7-4668-BE54-9A1E7A4F7556}") = "GrpcService.Web", "GrpcService.Web\GrpcService.Web.csproj", "{97B56791-FFA3-4049-B95B-BC85ADDC41DF}"
EndProject
Global
	GlobalSection(SolutionConfigurationPlatforms) = preSolution
		Debug|Any CPU = Debug|Any CPU
		Release|Any CPU = Release|Any CPU
	EndGlobalSection
	GlobalSection(ProjectConfigurationPlatforms) = postSolution
		{97B56791-FFA3-4049-B95B-BC85ADDC41DF}.Debug|Any CPU.ActiveCfg = Debug|Any CPU
		{97B56791-FFA3-4049-B95B-BC85ADDC41DF}.Debug|Any CPU.Build.0 = Debug|Any CPU
		{97B56791-FFA3-4049-B95B-BC85ADDC41DF}.Release|Any CPU.ActiveCfg = Release|Any CPU
		{97B56791-FFA3-4049-B95B-BC85ADDC41DF}.Release|Any CPU.Build.0 = Release|Any CPU
	EndGlobalSection
	GlobalSection(SolutionProperties) = preSolution
		HideSolutionNode = FALSE
	EndGlobalSection
	GlobalSection(ExtensibilityGlobals) = postSolution
		SolutionGuid = {9A81D1CD-40F0-46E1-B4AA-D5321436DECF}
	EndGlobalSection
EndGlobal
